
Microsoft Visual Studio Solution File, Format Version 12.00
# Visual Studio Version 17
VisualStudioVersion = 17.5.33516.290
MinimumVisualStudioVersion = 10.0.40219.1
Project("{FAE04EC0-301F-11D3-BF4B-00C04F79EFBC}") = "Lista6PR2", "Lista6PR2\Lista6PR2.csproj", "{E0D6C5BB-5B0C-44C6-94E9-F4BBE81F14F8}"
EndProject
Global
	GlobalSection(SolutionConfigurationPlatforms) = preSolution
		Debug|Any CPU = Debug|Any CPU
		Release|Any CPU = Release|Any CPU
	EndGlobalSection
	GlobalSection(ProjectConfigurationPlatforms) = postSolution
		{E0D6C5BB-5B0C-44C6-94E9-F4BBE81F14F8}.Debug|Any CPU.ActiveCfg = Debug|Any CPU
		{E0D6C5BB-5B0C-44C6-94E9-F4BBE81F14F8}.Debug|Any CPU.Build.0 = Debug|Any CPU
		{E0D6C5BB-5B0C-44C6-94E9-F4BBE81F14F8}.Release|Any CPU.ActiveCfg = Release|Any CPU
		{E0D6C5BB-5B0C-44C6-94E9-F4BBE81F14F8}.Release|Any CPU.Build.0 = Release|Any CPU
	EndGlobalSection
	GlobalSection(SolutionProperties) = preSolution
		HideSolutionNode = FALSE
	EndGlobalSection
	GlobalSection(ExtensibilityGlobals) = postSolution
		SolutionGuid = {EE19D505-9E20-4A00-A8E3-AC6CACDAE534}
	EndGlobalSection
EndGlobal
